
Microsoft Visual Studio Solution File, Format Version 11.00
# Visual Studio 2010
Project("{FAE04EC0-301F-11D3-BF4B-00C04F79EFBC}") = "Elfisk.Web", "Elfisk.Web\Elfisk.Web.csproj", "{768273DE-388A-472A-A196-4D3CE7D65595}"
EndProject
Project("{2150E333-8FDC-42A3-9474-1A3956D46DE8}") = ".nuget", ".nuget", "{580CFE5B-C9F3-41B6-909B-63CFD8083D32}"
	ProjectSection(SolutionItems) = preProject
		.nuget\NuGet.Config = .nuget\NuGet.Config
		.nuget\NuGet.exe = .nuget\NuGet.exe
		.nuget\NuGet.targets = .nuget\NuGet.targets
	EndProjectSection
EndProject
Global
	GlobalSection(SolutionConfigurationPlatforms) = preSolution
		Debug|Any CPU = Debug|Any CPU
		Release|Any CPU = Release|Any CPU
	EndGlobalSection
	GlobalSection(ProjectConfigurationPlatforms) = postSolution
		{768273DE-388A-472A-A196-4D3CE7D65595}.Debug|Any CPU.ActiveCfg = Debug|Any CPU
		{768273DE-388A-472A-A196-4D3CE7D65595}.Debug|Any CPU.Build.0 = Debug|Any CPU
		{768273DE-388A-472A-A196-4D3CE7D65595}.Release|Any CPU.ActiveCfg = Release|Any CPU
		{768273DE-388A-472A-A196-4D3CE7D65595}.Release|Any CPU.Build.0 = Release|Any CPU
	EndGlobalSection
	GlobalSection(SolutionProperties) = preSolution
		HideSolutionNode = FALSE
	EndGlobalSection
EndGlobal
